{
  "name": "omnivm",
  "version": "1.0.0",
  "lockfileVersion": 3,
  "requires": true,
  "packages": {
    "": {
      "name": "omnivm",
      "version": "1.0.0",
      "license": "MIT",
      "dependencies": {
        "v86": "0.5.462"
      },
      "bin": {
        "omnivm": "bin/omnivm.js"
      }
    },
    "node_modules/v86": {
      "version": "0.5.462",
      "resolved": "https://registry.npmjs.org/v86/-/v86-0.5.462.tgz",
      "integrity": "sha512-aKPX7DdzqAKFRv2omDkqSju0uEzlOxzo+II82J5UT7+tZNsboA6kyaNq9NKAnxvo9hzpJ8dQj7vcvcz0J7I2QA==",
      "license": "BSD-2-Clause"
    }
  }
}
